
Microsoft Visual Studio Solution File, Format Version 12.00
# Visual Studio 2013
VisualStudioVersion = 12.0.0.0
Project("{FAE04EC0-301F-11D3-BF4B-00C04F79EFBC}") = "Tests", "Tests\Tests.csproj", "{FF6E6A0A-78B8-4006-B2EE-3EE3FC7F4E4D}"
EndProject
Project("{FAE04EC0-301F-11D3-BF4B-00C04F79EFBC}") = "webApp", "webApp\webApp.csproj", "{1647B81A-026B-4925-8A57-859469E75F26}"
EndProject
Global
	GlobalSection(ProjectConfigurationPlatforms) = postSolution
		{FF6E6A0A-78B8-4006-B2EE-3EE3FC7F4E4D}.Debug|Any CPU.ActiveCfg = Debug|Any CPU
		{FF6E6A0A-78B8-4006-B2EE-3EE3FC7F4E4D}.Debug|Any CPU.Build.0 = Debug|Any CPU
		{FF6E6A0A-78B8-4006-B2EE-3EE3FC7F4E4D}.Release|Any CPU.ActiveCfg = Release|Any CPU
		{FF6E6A0A-78B8-4006-B2EE-3EE3FC7F4E4D}.Release|Any CPU.Build.0 = Release|Any CPU
		{1647B81A-026B-4925-8A57-859469E75F26}.Debug|Any CPU.ActiveCfg = Debug|Any CPU
		{1647B81A-026B-4925-8A57-859469E75F26}.Debug|Any CPU.Build.0 = Debug|Any CPU
		{1647B81A-026B-4925-8A57-859469E75F26}.Release|Any CPU.ActiveCfg = Release|Any CPU
		{1647B81A-026B-4925-8A57-859469E75F26}.Release|Any CPU.Build.0 = Release|Any CPU
	EndGlobalSection
	GlobalSection(SolutionConfigurationPlatforms) = preSolution
		Debug|Any CPU = Debug|Any CPU
		Release|Any CPU = Release|Any CPU
	EndGlobalSection
EndGlobal
